
Microsoft Visual Studio Solution File, Format Version 12.00
# Visual Studio Version 17
VisualStudioVersion = 17.10.35013.160
MinimumVisualStudioVersion = 10.0.40219.1
Project("{9A19103F-16F7-4668-BE54-9A1E7A4F7556}") = "MedicineOnlieOrder", "MedicineOnlieOrder\MedicineOnlieOrder.csproj", "{84267382-146A-4B38-934C-5E728D91710C}"
EndProject
Project("{9A19103F-16F7-4668-BE54-9A1E7A4F7556}") = "DataModels", "DataModels\DataModels.csproj", "{3B044BCB-C86F-4FA4-9FF4-1C0FEE5A8BD0}"
EndProject
Project("{9A19103F-16F7-4668-BE54-9A1E7A4F7556}") = "Services", "Services\Services.csproj", "{354BF873-49D4-468F-B31A-8D833D32A11C}"
EndProject
Project("{FAE04EC0-301F-11D3-BF4B-00C04F79EFBC}") = "Tests", "Tests\Tests.csproj", "{0D0B57AC-938B-4FDD-BBB7-2605D84302AD}"
EndProject
Global
	GlobalSection(SolutionConfigurationPlatforms) = preSolution
		Debug|Any CPU = Debug|Any CPU
		Release|Any CPU = Release|Any CPU
	EndGlobalSection
	GlobalSection(ProjectConfigurationPlatforms) = postSolution
		{84267382-146A-4B38-934C-5E728D91710C}.Debug|Any CPU.ActiveCfg = Debug|Any CPU
		{84267382-146A-4B38-934C-5E728D91710C}.Debug|Any CPU.Build.0 = Debug|Any CPU
		{84267382-146A-4B38-934C-5E728D91710C}.Release|Any CPU.ActiveCfg = Release|Any CPU
		{84267382-146A-4B38-934C-5E728D91710C}.Release|Any CPU.Build.0 = Release|Any CPU
		{3B044BCB-C86F-4FA4-9FF4-1C0FEE5A8BD0}.Debug|Any CPU.ActiveCfg = Debug|Any CPU
		{3B044BCB-C86F-4FA4-9FF4-1C0FEE5A8BD0}.Debug|Any CPU.Build.0 = Debug|Any CPU
		{3B044BCB-C86F-4FA4-9FF4-1C0FEE5A8BD0}.Release|Any CPU.ActiveCfg = Release|Any CPU
		{3B044BCB-C86F-4FA4-9FF4-1C0FEE5A8BD0}.Release|Any CPU.Build.0 = Release|Any CPU
		{354BF873-49D4-468F-B31A-8D833D32A11C}.Debug|Any CPU.ActiveCfg = Debug|Any CPU
		{354BF873-49D4-468F-B31A-8D833D32A11C}.Debug|Any CPU.Build.0 = Debug|Any CPU
		{354BF873-49D4-468F-B31A-8D833D32A11C}.Release|Any CPU.ActiveCfg = Release|Any CPU
		{354BF873-49D4-468F-B31A-8D833D32A11C}.Release|Any CPU.Build.0 = Release|Any CPU
		{0D0B57AC-938B-4FDD-BBB7-2605D84302AD}.Debug|Any CPU.ActiveCfg = Debug|Any CPU
		{0D0B57AC-938B-4FDD-BBB7-2605D84302AD}.Debug|Any CPU.Build.0 = Debug|Any CPU
		{0D0B57AC-938B-4FDD-BBB7-2605D84302AD}.Release|Any CPU.ActiveCfg = Release|Any CPU
		{0D0B57AC-938B-4FDD-BBB7-2605D84302AD}.Release|Any CPU.Build.0 = Release|Any CPU
	EndGlobalSection
	GlobalSection(SolutionProperties) = preSolution
		HideSolutionNode = FALSE
	EndGlobalSection
	GlobalSection(ExtensibilityGlobals) = postSolution
		SolutionGuid = {29D89E64-CDC2-468C-9DD1-DFAA65377227}
	EndGlobalSection
EndGlobal
